
Microsoft Visual Studio Solution File, Format Version 12.00
# Visual Studio Version 17
VisualStudioVersion = 17.1.32319.34
MinimumVisualStudioVersion = 10.0.40219.1
Project("{FAE04EC0-301F-11D3-BF4B-00C04F79EFBC}") = "Geometria", "Geometria\Geometria.csproj", "{47BC730E-74A6-4A1E-B56F-ED49754B1116}"
EndProject
Global
	GlobalSection(SolutionConfigurationPlatforms) = preSolution
		Debug|Any CPU = Debug|Any CPU
		Release|Any CPU = Release|Any CPU
	EndGlobalSection
	GlobalSection(ProjectConfigurationPlatforms) = postSolution
		{47BC730E-74A6-4A1E-B56F-ED49754B1116}.Debug|Any CPU.ActiveCfg = Debug|Any CPU
		{47BC730E-74A6-4A1E-B56F-ED49754B1116}.Debug|Any CPU.Build.0 = Debug|Any CPU
		{47BC730E-74A6-4A1E-B56F-ED49754B1116}.Release|Any CPU.ActiveCfg = Release|Any CPU
		{47BC730E-74A6-4A1E-B56F-ED49754B1116}.Release|Any CPU.Build.0 = Release|Any CPU
	EndGlobalSection
	GlobalSection(SolutionProperties) = preSolution
		HideSolutionNode = FALSE
	EndGlobalSection
	GlobalSection(ExtensibilityGlobals) = postSolution
		SolutionGuid = {BB370BEA-1BA9-463E-B679-BEBA796B4513}
	EndGlobalSection
EndGlobal
